dependencies:
- name: redis
  repository: https://charts.bitnami.com/bitnami
  version: 17.3.9
- name: postgresql
  repository: https://charts.bitnami.com/bitnami
  version: 12.1.0
digest: sha256:44e37fd7a3be987d1117fa692ad82b7dedd1219eedb423baed1cbe2a45ec203c
generated: "2023-01-09T08:53:01.145002171+05:30"
